{
  "name": "assets",
  "lockfileVersion": 2,
  "requires": true,
  "packages": {
    "": {
      "dependencies": {
        "@stripe/stripe-js": "^1.23.0"
      }
    },
    "node_modules/@stripe/stripe-js": {
      "version": "1.23.0",
      "resolved": "https://registry.npmjs.org/@stripe/stripe-js/-/stripe-js-1.23.0.tgz",
      "integrity": "sha512-+7w4rVs71Fk8/8uzyzQB5GotHSH9mjOjxM3EYDq/3MR3I2ewELHtvWVMOqfS/9WSKCaKv7h7eFLsMZGpK5jApQ=="
    }
  },
  "dependencies": {
    "@stripe/stripe-js": {
      "version": "1.23.0",
      "resolved": "https://registry.npmjs.org/@stripe/stripe-js/-/stripe-js-1.23.0.tgz",
      "integrity": "sha512-+7w4rVs71Fk8/8uzyzQB5GotHSH9mjOjxM3EYDq/3MR3I2ewELHtvWVMOqfS/9WSKCaKv7h7eFLsMZGpK5jApQ=="
    }
  }
}